
Microsoft Visual Studio Solution File, Format Version 12.00
# Visual Studio Version 17
VisualStudioVersion = 17.13.35825.156
MinimumVisualStudioVersion = 10.0.40219.1
Project("{FAE04EC0-301F-11D3-BF4B-00C04F79EFBC}") = "AESCConstruct25", "AESCConstruct25.csproj", "{FA818400-56CF-4214-845F-22D414061DB4}"
EndProject
Global
	GlobalSection(SolutionConfigurationPlatforms) = preSolution
		Debug|Any CPU = Debug|Any CPU
		Release|Any CPU = Release|Any CPU
	EndGlobalSection
	GlobalSection(ProjectConfigurationPlatforms) = postSolution
		{FA818400-56CF-4214-845F-22D414061DB4}.Debug|Any CPU.ActiveCfg = Debug|Any CPU
		{FA818400-56CF-4214-845F-22D414061DB4}.Debug|Any CPU.Build.0 = Debug|Any CPU
		{FA818400-56CF-4214-845F-22D414061DB4}.Release|Any CPU.ActiveCfg = Release|Any CPU
		{FA818400-56CF-4214-845F-22D414061DB4}.Release|Any CPU.Build.0 = Release|Any CPU
	EndGlobalSection
	GlobalSection(SolutionProperties) = preSolution
		HideSolutionNode = FALSE
	EndGlobalSection
	GlobalSection(ExtensibilityGlobals) = postSolution
		SolutionGuid = {2D9DFD76-F5A3-47DA-8B59-C13CE073AA4E}
	EndGlobalSection
EndGlobal
